
Microsoft Visual Studio Solution File, Format Version 12.00
# Visual Studio Version 17
VisualStudioVersion = 17.4.33213.308
MinimumVisualStudioVersion = 10.0.40219.1
Project("{9A19103F-16F7-4668-BE54-9A1E7A4F7556}") = "CartMe.Test", "CartMe.Test\CartMe.Test.csproj", "{A182F076-EE40-4EBE-8260-7FA7B1EA100E}"
EndProject
Global
	GlobalSection(SolutionConfigurationPlatforms) = preSolution
		Debug|Any CPU = Debug|Any CPU
		Release|Any CPU = Release|Any CPU
	EndGlobalSection
	GlobalSection(ProjectConfigurationPlatforms) = postSolution
		{A182F076-EE40-4EBE-8260-7FA7B1EA100E}.Debug|Any CPU.ActiveCfg = Debug|Any CPU
		{A182F076-EE40-4EBE-8260-7FA7B1EA100E}.Debug|Any CPU.Build.0 = Debug|Any CPU
		{A182F076-EE40-4EBE-8260-7FA7B1EA100E}.Release|Any CPU.ActiveCfg = Release|Any CPU
		{A182F076-EE40-4EBE-8260-7FA7B1EA100E}.Release|Any CPU.Build.0 = Release|Any CPU
	EndGlobalSection
	GlobalSection(SolutionProperties) = preSolution
		HideSolutionNode = FALSE
	EndGlobalSection
	GlobalSection(ExtensibilityGlobals) = postSolution
		SolutionGuid = {48FE087B-3EE8-45B9-881D-A44DB04F16C7}
	EndGlobalSection
EndGlobal
